// !$*UTF8*$!
{
	archiveVersion = 1;
	classes = {
	};
	objectVersion = 77;
	objects = {

/* Begin PBXContainerItemProxy section */
		820852062EBB7BC600DFC06A /* PBXContainerItemProxy */ = {
			isa = PBXContainerItemProxy;
			containerPortal = 820851EE2EBB7BC500DFC06A /* Project object */;
			proxyType = 1;
			remoteGlobalIDString = 820851F52EBB7BC500DFC06A;
			remoteInfo = ListaDeTarefasCodex;
		};
		820852102EBB7BC600DFC06A /* PBXContainerItemProxy */ = {
			isa = PBXContainerItemProxy;
			containerPortal = 820851EE2EBB7BC500DFC06A /* Project object */;
			proxyType = 1;
			remoteGlobalIDString = 820851F52EBB7BC500DFC06A;
			remoteInfo = ListaDeTarefasCodex;
		};
/* End PBXContainerItemProxy section */

/* Begin PBXFileReference section */
		820851F62EBB7BC500DFC06A /* ListaDeTarefasCodex.app */ = {isa = PBXFileReference; explicitFileType = wrapper.application; includeInIndex = 0; path = ListaDeTarefasCodex.app; sourceTree = BUILT_PRODUCTS_DIR; };
		820852052EBB7BC600DFC06A /* ListaDeTarefasCodexTests.xctest */ = {isa = PBXFileReference; explicitFileType = wrapper.cfbundle; includeInIndex = 0; path = ListaDeTarefasCodexTests.xctest; sourceTree = BUILT_PRODUCTS_DIR; };
		8208520F2EBB7BC600DFC06A /* ListaDeTarefasCodexUITests.xctest */ = {isa = PBXFileReference; explicitFileType = wrapper.cfbundle; includeInIndex = 0; path = ListaDeTarefasCodexUITests.xctest; sourceTree = BUILT_PRODUCTS_DIR; };
/* End PBXFileReference section */

/* Begin PBXFileSystemSynchronizedRootGroup section */
		820851F82EBB7BC500DFC06A /* ListaDeTarefasCodex */ = {
			isa = PBXFileSystemSynchronizedRootGroup;
			path = ListaDeTarefasCodex;
			sourceTree = "<group>";
		};
		820852082EBB7BC600DFC06A /* ListaDeTarefasCodexTests */ = {
			isa = PBXFileSystemSynchronizedRootGroup;
			path = ListaDeTarefasCodexTests;
			sourceTree = "<group>";
		};
		820852122EBB7BC600DFC06A /* ListaDeTarefasCodexUITests */ = {
			isa = PBXFileSystemSynchronizedRootGroup;
			path = ListaDeTarefasCodexUITests;
			sourceTree = "<group>";
		};
/* End PBXFileSystemSynchronizedRootGroup section */

/* Begin PBXFrameworksBuildPhase section */
		820851F32EBB7BC500DFC06A /* Frameworks */ = {
			isa = PBXFrameworksBuildPhase;
			buildActionMask = 2147483647;
			files = (
			);
			runOnlyForDeploymentPostprocessing = 0;
		};
		820852022EBB7BC600DFC06A /* Frameworks */ = {
			isa = PBXFrameworksBuildPhase;
			buildActionMask = 2147483647;
			files = (
			);
			runOnlyForDeploymentPostprocessing = 0;
		};
		8208520C2EBB7BC600DFC06A /* Frameworks */ = {
			isa = PBXFrameworksBuildPhase;
			buildActionMask = 2147483647;
			files = (
			);
			runOnlyForDeploymentPostprocessing = 0;
		};
/* End PBXFrameworksBuildPhase section */

/* Begin PBXGroup section */
		820851ED2EBB7BC500DFC06A = {
			isa = PBXGroup;
			children = (
				820851F82EBB7BC500DFC06A /* ListaDeTarefasCodex */,
				820852082EBB7BC600DFC06A /* ListaDeTarefasCodexTests */,
				820852122EBB7BC600DFC06A /* ListaDeTarefasCodexUITests */,
				820851F72EBB7BC500DFC06A /* Products */,
			);
			sourceTree = "<group>";
		};
		820851F72EBB7BC500DFC06A /* Products */ = {
			isa = PBXGroup;
			children = (
				820851F62EBB7BC500DFC06A /* ListaDeTarefasCodex.app */,
				820852052EBB7BC600DFC06A /* ListaDeTarefasCodexTests.xctest */,
				8208520F2EBB7BC600DFC06A /* ListaDeTarefasCodexUITests.xctest */,
			);
			name = Products;
			sourceTree = "<group>";
		};
/* End PBXGroup section */

/* Begin PBXNativeTarget section */
		820851F52EBB7BC500DFC06A /* ListaDeTarefasCodex */ = {
			isa = PBXNativeTarget;
			buildConfigurationList = 820852192EBB7BC600DFC06A /* Build configuration list for PBXNativeTarget "ListaDeTarefasCodex" */;
			buildPhases = (
				820851F22EBB7BC500DFC06A /* Sources */,
				820851F32EBB7BC500DFC06A /* Frameworks */,
				820851F42EBB7BC500DFC06A /* Resources */,
			);
			buildRules = (
			);
			dependencies = (
			);
			fileSystemSynchronizedGroups = (
				820851F82EBB7BC500DFC06A /* ListaDeTarefasCodex */,
			);
			name = ListaDeTarefasCodex;
			packageProductDependencies = (
			);
			productName = ListaDeTarefasCodex;
			productReference = 820851F62EBB7BC500DFC06A /* ListaDeTarefasCodex.app */;
			productType = "com.apple.product-type.application";
		};
		820852042EBB7BC600DFC06A /* ListaDeTarefasCodexTests */ = {
			isa = PBXNativeTarget;
			buildConfigurationList = 8208521C2EBB7BC600DFC06A /* Build configuration list for PBXNativeTarget "ListaDeTarefasCodexTests" */;
			buildPhases = (
				820852012EBB7BC600DFC06A /* Sources */,
				820852022EBB7BC600DFC06A /* Frameworks */,
				820852032EBB7BC600DFC06A /* Resources */,
			);
			buildRules = (
			);
			dependencies = (
				820852072EBB7BC600DFC06A /* PBXTargetDependency */,
			);
			fileSystemSynchronizedGroups = (
				820852082EBB7BC600DFC06A /* ListaDeTarefasCodexTests */,
			);
			name = ListaDeTarefasCodexTests;
			packageProductDependencies = (
			);
			productName = ListaDeTarefasCodexTests;
			productReference = 820852052EBB7BC600DFC06A /* ListaDeTarefasCodexTests.xctest */;
			productType = "com.apple.product-type.bundle.unit-test";
		};
		8208520E2EBB7BC600DFC06A /* ListaDeTarefasCodexUITests */ = {
			isa = PBXNativeTarget;
			buildConfigurationList = 8208521F2EBB7BC600DFC06A /* Build configuration list for PBXNativeTarget "ListaDeTarefasCodexUITests" */;
			buildPhases = (
				8208520B2EBB7BC600DFC06A /* Sources */,
				8208520C2EBB7BC600DFC06A /* Frameworks */,
				8208520D2EBB7BC600DFC06A /* Resources */,
			);
			buildRules = (
			);
			dependencies = (
				820852112EBB7BC600DFC06A /* PBXTargetDependency */,
			);
			fileSystemSynchronizedGroups = (
				820852122EBB7BC600DFC06A /* ListaDeTarefasCodexUITests */,
			);
			name = ListaDeTarefasCodexUITests;
			packageProductDependencies = (
			);
			productName = ListaDeTarefasCodexUITests;
			productReference = 8208520F2EBB7BC600DFC06A /* ListaDeTarefasCodexUITests.xctest */;
			productType = "com.apple.product-type.bundle.ui-testing";
		};
/* End PBXNativeTarget section */

/* Begin PBXProject section */
		820851EE2EBB7BC500DFC06A /* Project object */ = {
			isa = PBXProject;
			attributes = {
				BuildIndependentTargetsInParallel = 1;
				LastSwiftUpdateCheck = 2600;
				LastUpgradeCheck = 2600;
				TargetAttributes = {
					820851F52EBB7BC500DFC06A = {
						CreatedOnToolsVersion = 26.0;
					};
					820852042EBB7BC600DFC06A = {
						CreatedOnToolsVersion = 26.0;
						TestTargetID = 820851F52EBB7BC500DFC06A;
					};
					8208520E2EBB7BC600DFC06A = {
						CreatedOnToolsVersion = 26.0;
						TestTargetID = 820851F52EBB7BC500DFC06A;
					};
				};
			};
			buildConfigurationList = 820851F12EBB7BC500DFC06A /* Build configuration list for PBXProject "ListaDeTarefasCodex" */;
			developmentRegion = en;
			hasScannedForEncodings = 0;
			knownRegions = (
				en,
				Base,
			);
			mainGroup = 820851ED2EBB7BC500DFC06A;
			minimizedProjectReferenceProxies = 1;
			preferredProjectObjectVersion = 77;
			productRefGroup = 820851F72EBB7BC500DFC06A /* Products */;
			projectDirPath = "";
			projectRoot = "";
			targets = (
				820851F52EBB7BC500DFC06A /* ListaDeTarefasCodex */,
				820852042EBB7BC600DFC06A /* ListaDeTarefasCodexTests */,
				8208520E2EBB7BC600DFC06A /* ListaDeTarefasCodexUITests */,
			);
		};
/* End PBXProject section */

/* Begin PBXResourcesBuildPhase section */
		820851F42EBB7BC500DFC06A /* Resources */ = {
			isa = PBXResourcesBuildPhase;
			buildActionMask = 2147483647;
			files = (
			);
			runOnlyForDeploymentPostprocessing = 0;
		};
		820852032EBB7BC600DFC06A /* Resources */ = {
			isa = PBXResourcesBuildPhase;
			buildActionMask = 2147483647;
			files = (
			);
			runOnlyForDeploymentPostprocessing = 0;
		};
		8208520D2EBB7BC600DFC06A /* Resources */ = {
			isa = PBXResourcesBuildPhase;
			buildActionMask = 2147483647;
			files = (
			);
			runOnlyForDeploymentPostprocessing = 0;
		};
/* End PBXResourcesBuildPhase section */

/* Begin PBXSourcesBuildPhase section */
		820851F22EBB7BC500DFC06A /* Sources */ = {
			isa = PBXSourcesBuildPhase;
			buildActionMask = 2147483647;
			files = (
			);
			runOnlyForDeploymentPostprocessing = 0;
		};
		820852012EBB7BC600DFC06A /* Sources */ = {
			isa = PBXSourcesBuildPhase;
			buildActionMask = 2147483647;
			files = (
			);
			runOnlyForDeploymentPostprocessing = 0;
		};
		8208520B2EBB7BC600DFC06A /* Sources */ = {
			isa = PBXSourcesBuildPhase;
			buildActionMask = 2147483647;
			files = (
			);
			runOnlyForDeploymentPostprocessing = 0;
		};
/* End PBXSourcesBuildPhase section */

/* Begin PBXTargetDependency section */
		820852072EBB7BC600DFC06A /* PBXTargetDependency */ = {
			isa = PBXTargetDependency;
			target = 820851F52EBB7BC500DFC06A /* ListaDeTarefasCodex */;
			targetProxy = 820852062EBB7BC600DFC06A /* PBXContainerItemProxy */;
		};
		820852112EBB7BC600DFC06A /* PBXTargetDependency */ = {
			isa = PBXTargetDependency;
			target = 820851F52EBB7BC500DFC06A /* ListaDeTarefasCodex */;
			targetProxy = 820852102EBB7BC600DFC06A /* PBXContainerItemProxy */;
		};
/* End PBXTargetDependency section */

/* Begin XCBuildConfiguration section */
		820852172EBB7BC600DFC06A /* Debug */ = {
			isa = XCBuildConfiguration;
			buildSettings = {
				ALWAYS_SEARCH_USER_PATHS = NO;
				ASSETCATALOG_COMPILER_GENERATE_SWIFT_ASSET_SYMBOL_EXTENSIONS = YES;
				CLANG_ANALYZER_NONNULL = YES;
				CLANG_ANALYZER_NUMBER_OBJECT_CONVERSION = YES_AGGRESSIVE;
				CLANG_CXX_LANGUAGE_STANDARD = "gnu++20";
				CLANG_ENABLE_MODULES = YES;
				CLANG_ENABLE_OBJC_ARC = YES;
				CLANG_ENABLE_OBJC_WEAK = YES;
				CLANG_WARN_BLOCK_CAPTURE_AUTORELEASING = YES;
				CLANG_WARN_BOOL_CONVERSION = YES;
				CLANG_WARN_COMMA = YES;
				CLANG_WARN_CONSTANT_CONVERSION = YES;
				CLANG_WARN_DEPRECATED_OBJC_IMPLEMENTATIONS = YES;
				CLANG_WARN_DIRECT_OBJC_ISA_USAGE = YES_ERROR;
				CLANG_WARN_DOCUMENTATION_COMMENTS = YES;
				CLANG_WARN_EMPTY_BODY = YES;
				CLANG_WARN_ENUM_CONVERSION = YES;
				CLANG_WARN_INFINITE_RECURSION = YES;
				CLANG_WARN_INT_CONVERSION = YES;
				CLANG_WARN_NON_LITERAL_NULL_CONVERSION = YES;
				CLANG_WARN_OBJC_IMPLICIT_RETAIN_SELF = YES;
				CLANG_WARN_OBJC_LITERAL_CONVERSION = YES;
				CLANG_WARN_OBJC_ROOT_CLASS = YES_ERROR;
				CLANG_WARN_QUOTED_INCLUDE_IN_FRAMEWORK_HEADER = YES;
				CLANG_WARN_RANGE_LOOP_ANALYSIS = YES;
				CLANG_WARN_STRICT_PROTOTYPES = YES;
				CLANG_WARN_SUSPICIOUS_MOVE = YES;
				CLANG_WARN_UNGUARDED_AVAILABILITY = YES_AGGRESSIVE;
				CLANG_WARN_UNREACHABLE_CODE = YES;
				CLANG_WARN__DUPLICATE_METHOD_MATCH = YES;
				COPY_PHASE_STRIP = NO;
				DEBUG_INFORMATION_FORMAT = dwarf;
				DEVELOPMENT_TEAM = 4G2C9E47RS;
				ENABLE_STRICT_OBJC_MSGSEND = YES;
				ENABLE_TESTABILITY = YES;
				ENABLE_USER_SCRIPT_SANDBOXING = YES;
				GCC_C_LANGUAGE_STANDARD = gnu17;
				GCC_DYNAMIC_NO_PIC = NO;
				GCC_NO_COMMON_BLOCKS = YES;
				GCC_OPTIMIZATION_LEVEL = 0;
				GCC_PREPROCESSOR_DEFINITIONS = (
					"DEBUG=1",
					"$(inherited)",
				);
				GCC_WARN_64_TO_32_BIT_CONVERSION = YES;
				GCC_WARN_ABOUT_RETURN_TYPE = YES_ERROR;
				GCC_WARN_UNDECLARED_SELECTOR = YES;
				GCC_WARN_UNINITIALIZED_AUTOS = YES_AGGRESSIVE;
				GCC_WARN_UNUSED_FUNCTION = YES;
				GCC_WARN_UNUSED_VARIABLE = YES;
				IPHONEOS_DEPLOYMENT_TARGET = 26.0;
				LOCALIZATION_PREFERS_STRING_CATALOGS = YES;
				MTL_ENABLE_DEBUG_INFO = INCLUDE_SOURCE;
				MTL_FAST_MATH = YES;
				ONLY_ACTIVE_ARCH = YES;
				SDKROOT = iphoneos;
				SWIFT_ACTIVE_COMPILATION_CONDITIONS = "DEBUG $(inherited)";
				SWIFT_OPTIMIZATION_LEVEL = "-Onone";
			};
			name = Debug;
		};
		820852182EBB7BC600DFC06A /* Release */ = {
			isa = XCBuildConfiguration;
			buildSettings = {
				ALWAYS_SEARCH_USER_PATHS = NO;
				ASSETCATALOG_COMPILER_GENERATE_SWIFT_ASSET_SYMBOL_EXTENSIONS = YES;
				CLANG_ANALYZER_NONNULL = YES;
				CLANG_ANALYZER_NUMBER_OBJECT_CONVERSION = YES_AGGRESSIVE;
				CLANG_CXX_LANGUAGE_STANDARD = "gnu++20";
				CLANG_ENABLE_MODULES = YES;
				CLANG_ENABLE_OBJC_ARC = YES;
				CLANG_ENABLE_OBJC_WEAK = YES;
				CLANG_WARN_BLOCK_CAPTURE_AUTORELEASING = YES;
				CLANG_WARN_BOOL_CONVERSION = YES;
				CLANG_WARN_COMMA = YES;
				CLANG_WARN_CONSTANT_CONVERSION = YES;
				CLANG_WARN_DEPRECATED_OBJC_IMPLEMENTATIONS = YES;
				CLANG_WARN_DIRECT_OBJC_ISA_USAGE = YES_ERROR;
				CLANG_WARN_DOCUMENTATION_COMMENTS = YES;
				CLANG_WARN_EMPTY_BODY = YES;
				CLANG_WARN_ENUM_CONVERSION = YES;
				CLANG_WARN_INFINITE_RECURSION = YES;
				CLANG_WARN_INT_CONVERSION = YES;
				CLANG_WARN_NON_LITERAL_NULL_CONVERSION = YES;
				CLANG_WARN_OBJC_IMPLICIT_RETAIN_SELF = YES;
				CLANG_WARN_OBJC_LITERAL_CONVERSION = YES;
				CLANG_WARN_OBJC_ROOT_CLASS = YES_ERROR;
				CLANG_WARN_QUOTED_INCLUDE_IN_FRAMEWORK_HEADER = YES;
				CLANG_WARN_RANGE_LOOP_ANALYSIS = YES;
				CLANG_WARN_STRICT_PROTOTYPES = YES;
				CLANG_WARN_SUSPICIOUS_MOVE = YES;
				CLANG_WARN_UNGUARDED_AVAILABILITY = YES_AGGRESSIVE;
				CLANG_WARN_UNREACHABLE_CODE = YES;
				CLANG_WARN__DUPLICATE_METHOD_MATCH = YES;
				COPY_PHASE_STRIP = NO;
				DEBUG_INFORMATION_FORMAT = "dwarf-with-dsym";
				DEVELOPMENT_TEAM = 4G2C9E47RS;
				ENABLE_NS_ASSERTIONS = NO;
				ENABLE_STRICT_OBJC_MSGSEND = YES;
				ENABLE_USER_SCRIPT_SANDBOXING = YES;
				GCC_C_LANGUAGE_STANDARD = gnu17;
				GCC_NO_COMMON_BLOCKS = YES;
				GCC_WARN_64_TO_32_BIT_CONVERSION = YES;
				GCC_WARN_ABOUT_RETURN_TYPE = YES_ERROR;
				GCC_WARN_UNDECLARED_SELECTOR = YES;
				GCC_WARN_UNINITIALIZED_AUTOS = YES_AGGRESSIVE;
				GCC_WARN_UNUSED_FUNCTION = YES;
				GCC_WARN_UNUSED_VARIABLE = YES;
				IPHONEOS_DEPLOYMENT_TARGET = 26.0;
				LOCALIZATION_PREFERS_STRING_CATALOGS = YES;
				MTL_ENABLE_DEBUG_INFO = NO;
				MTL_FAST_MATH = YES;
				SDKROOT = iphoneos;
				SWIFT_COMPILATION_MODE = wholemodule;
				VALIDATE_PRODUCT = YES;
			};
			name = Release;
		};
		8208521A2EBB7BC600DFC06A /* Debug */ = {
			isa = XCBuildConfiguration;
			buildSettings = {
				ASSETCATALOG_COMPILER_APPICON_NAME = AppIcon;
				ASSETCATALOG_COMPILER_GLOBAL_ACCENT_COLOR_NAME = AccentColor;
				CODE_SIGN_STYLE = Automatic;
				CURRENT_PROJECT_VERSION = 1;
				DEVELOPMENT_TEAM = 4G2C9E47RS;
				ENABLE_PREVIEWS = YES;
				GENERATE_INFOPLIST_FILE = YES;
				INFOPLIST_KEY_UIApplicationSceneManifest_Generation = YES;
				INFOPLIST_KEY_UIApplicationSupportsIndirectInputEvents = YES;
				INFOPLIST_KEY_UILaunchScreen_Generation = YES;
				INFOPLIST_KEY_UISupportedInterfaceOrientations_iPad = "UIInterfaceOrientationPortrait UIInterfaceOrientationPortraitUpsideDown UIInterfaceOrientationLandscapeLeft UIInterfaceOrientationLandscapeRight";
				INFOPLIST_KEY_UISupportedInterfaceOrientations_iPhone = "UIInterfaceOrientationPortrait UIInterfaceOrientationLandscapeLeft UIInterfaceOrientationLandscapeRight";
				LD_RUNPATH_SEARCH_PATHS = (
					"$(inherited)",
					"@executable_path/Frameworks",
				);
				MARKETING_VERSION = 1.0;
				PRODUCT_BUNDLE_IDENTIFIER = com.globoplay.ListaDeTarefasCodex;
				PRODUCT_NAME = "$(TARGET_NAME)";
				STRING_CATALOG_GENERATE_SYMBOLS = YES;
				SWIFT_APPROACHABLE_CONCURRENCY = YES;
				SWIFT_DEFAULT_ACTOR_ISOLATION = MainActor;
				SWIFT_EMIT_LOC_STRINGS = YES;
				SWIFT_UPCOMING_FEATURE_MEMBER_IMPORT_VISIBILITY = YES;
				SWIFT_VERSION = 5.0;
				TARGETED_DEVICE_FAMILY = "1,2";
			};
			name = Debug;
		};
		8208521B2EBB7BC600DFC06A /* Release */ = {
			isa = XCBuildConfiguration;
			buildSettings = {
				ASSETCATALOG_COMPILER_APPICON_NAME = AppIcon;
				ASSETCATALOG_COMPILER_GLOBAL_ACCENT_COLOR_NAME = AccentColor;
				CODE_SIGN_STYLE = Automatic;
				CURRENT_PROJECT_VERSION = 1;
				DEVELOPMENT_TEAM = 4G2C9E47RS;
				ENABLE_PREVIEWS = YES;
				GENERATE_INFOPLIST_FILE = YES;
				INFOPLIST_KEY_UIApplicationSceneManifest_Generation = YES;
				INFOPLIST_KEY_UIApplicationSupportsIndirectInputEvents = YES;
				INFOPLIST_KEY_UILaunchScreen_Generation = YES;
				INFOPLIST_KEY_UISupportedInterfaceOrientations_iPad = "UIInterfaceOrientationPortrait UIInterfaceOrientationPortraitUpsideDown UIInterfaceOrientationLandscapeLeft UIInterfaceOrientationLandscapeRight";
				INFOPLIST_KEY_UISupportedInterfaceOrientations_iPhone = "UIInterfaceOrientationPortrait UIInterfaceOrientationLandscapeLeft UIInterfaceOrientationLandscapeRight";
				LD_RUNPATH_SEARCH_PATHS = (
					"$(inherited)",
					"@executable_path/Frameworks",
				);
				MARKETING_VERSION = 1.0;
				PRODUCT_BUNDLE_IDENTIFIER = com.globoplay.ListaDeTarefasCodex;
				PRODUCT_NAME = "$(TARGET_NAME)";
				STRING_CATALOG_GENERATE_SYMBOLS = YES;
				SWIFT_APPROACHABLE_CONCURRENCY = YES;
				SWIFT_DEFAULT_ACTOR_ISOLATION = MainActor;
				SWIFT_EMIT_LOC_STRINGS = YES;
				SWIFT_UPCOMING_FEATURE_MEMBER_IMPORT_VISIBILITY = YES;
				SWIFT_VERSION = 5.0;
				TARGETED_DEVICE_FAMILY = "1,2";
			};
			name = Release;
		};
		8208521D2EBB7BC600DFC06A /* Debug */ = {
			isa = XCBuildConfiguration;
			buildSettings = {
				BUNDLE_LOADER = "$(TEST_HOST)";
				CODE_SIGN_STYLE = Automatic;
				CURRENT_PROJECT_VERSION = 1;
				DEVELOPMENT_TEAM = 4G2C9E47RS;
				GENERATE_INFOPLIST_FILE = YES;
				IPHONEOS_DEPLOYMENT_TARGET = 26.0;
				MARKETING_VERSION = 1.0;
				PRODUCT_BUNDLE_IDENTIFIER = com.globoplay.ListaDeTarefasCodexTests;
				PRODUCT_NAME = "$(TARGET_NAME)";
				STRING_CATALOG_GENERATE_SYMBOLS = NO;
				SWIFT_APPROACHABLE_CONCURRENCY = YES;
				SWIFT_EMIT_LOC_STRINGS = NO;
				SWIFT_UPCOMING_FEATURE_MEMBER_IMPORT_VISIBILITY = YES;
				SWIFT_VERSION = 5.0;
				TARGETED_DEVICE_FAMILY = "1,2";
				TEST_HOST = "$(BUILT_PRODUCTS_DIR)/ListaDeTarefasCodex.app/$(BUNDLE_EXECUTABLE_FOLDER_PATH)/ListaDeTarefasCodex";
			};
			name = Debug;
		};
		8208521E2EBB7BC600DFC06A /* Release */ = {
			isa = XCBuildConfiguration;
			buildSettings = {
				BUNDLE_LOADER = "$(TEST_HOST)";
				CODE_SIGN_STYLE = Automatic;
				CURRENT_PROJECT_VERSION = 1;
				DEVELOPMENT_TEAM = 4G2C9E47RS;
				GENERATE_INFOPLIST_FILE = YES;
				IPHONEOS_DEPLOYMENT_TARGET = 26.0;
				MARKETING_VERSION = 1.0;
				PRODUCT_BUNDLE_IDENTIFIER = com.globoplay.ListaDeTarefasCodexTests;
				PRODUCT_NAME = "$(TARGET_NAME)";
				STRING_CATALOG_GENERATE_SYMBOLS = NO;
				SWIFT_APPROACHABLE_CONCURRENCY = YES;
				SWIFT_EMIT_LOC_STRINGS = NO;
				SWIFT_UPCOMING_FEATURE_MEMBER_IMPORT_VISIBILITY = YES;
				SWIFT_VERSION = 5.0;
				TARGETED_DEVICE_FAMILY = "1,2";
				TEST_HOST = "$(BUILT_PRODUCTS_DIR)/ListaDeTarefasCodex.app/$(BUNDLE_EXECUTABLE_FOLDER_PATH)/ListaDeTarefasCodex";
			};
			name = Release;
		};
		820852202EBB7BC600DFC06A /* Debug */ = {
			isa = XCBuildConfiguration;
			buildSettings = {
				CODE_SIGN_STYLE = Automatic;
				CURRENT_PROJECT_VERSION = 1;
				DEVELOPMENT_TEAM = 4G2C9E47RS;
				GENERATE_INFOPLIST_FILE = YES;
				MARKETING_VERSION = 1.0;
				PRODUCT_BUNDLE_IDENTIFIER = com.globoplay.ListaDeTarefasCodexUITests;
				PRODUCT_NAME = "$(TARGET_NAME)";
				STRING_CATALOG_GENERATE_SYMBOLS = NO;
				SWIFT_APPROACHABLE_CONCURRENCY = YES;
				SWIFT_EMIT_LOC_STRINGS = NO;
				SWIFT_UPCOMING_FEATURE_MEMBER_IMPORT_VISIBILITY = YES;
				SWIFT_VERSION = 5.0;
				TARGETED_DEVICE_FAMILY = "1,2";
				TEST_TARGET_NAME = ListaDeTarefasCodex;
			};
			name = Debug;
		};
		820852212EBB7BC600DFC06A /* Release */ = {
			isa = XCBuildConfiguration;
			buildSettings = {
				CODE_SIGN_STYLE = Automatic;
				CURRENT_PROJECT_VERSION = 1;
				DEVELOPMENT_TEAM = 4G2C9E47RS;
				GENERATE_INFOPLIST_FILE = YES;
				MARKETING_VERSION = 1.0;
				PRODUCT_BUNDLE_IDENTIFIER = com.globoplay.ListaDeTarefasCodexUITests;
				PRODUCT_NAME = "$(TARGET_NAME)";
				STRING_CATALOG_GENERATE_SYMBOLS = NO;
				SWIFT_APPROACHABLE_CONCURRENCY = YES;
				SWIFT_EMIT_LOC_STRINGS = NO;
				SWIFT_UPCOMING_FEATURE_MEMBER_IMPORT_VISIBILITY = YES;
				SWIFT_VERSION = 5.0;
				TARGETED_DEVICE_FAMILY = "1,2";
				TEST_TARGET_NAME = ListaDeTarefasCodex;
			};
			name = Release;
		};
/* End XCBuildConfiguration section */

/* Begin XCConfigurationList section */
		820851F12EBB7BC500DFC06A /* Build configuration list for PBXProject "ListaDeTarefasCodex" */ = {
			isa = XCConfigurationList;
			buildConfigurations = (
				820852172EBB7BC600DFC06A /* Debug */,
				820852182EBB7BC600DFC06A /* Release */,
			);
			defaultConfigurationIsVisible = 0;
			defaultConfigurationName = Release;
		};
		820852192EBB7BC600DFC06A /* Build configuration list for PBXNativeTarget "ListaDeTarefasCodex" */ = {
			isa = XCConfigurationList;
			buildConfigurations = (
				8208521A2EBB7BC600DFC06A /* Debug */,
				8208521B2EBB7BC600DFC06A /* Release */,
			);
			defaultConfigurationIsVisible = 0;
			defaultConfigurationName = Release;
		};
		8208521C2EBB7BC600DFC06A /* Build configuration list for PBXNativeTarget "ListaDeTarefasCodexTests" */ = {
			isa = XCConfigurationList;
			buildConfigurations = (
				8208521D2EBB7BC600DFC06A /* Debug */,
				8208521E2EBB7BC600DFC06A /* Release */,
			);
			defaultConfigurationIsVisible = 0;
			defaultConfigurationName = Release;
		};
		8208521F2EBB7BC600DFC06A /* Build configuration list for PBXNativeTarget "ListaDeTarefasCodexUITests" */ = {
			isa = XCConfigurationList;
			buildConfigurations = (
				820852202EBB7BC600DFC06A /* Debug */,
				820852212EBB7BC600DFC06A /* Release */,
			);
			defaultConfigurationIsVisible = 0;
			defaultConfigurationName = Release;
		};
/* End XCConfigurationList section */
	};
	rootObject = 820851EE2EBB7BC500DFC06A /* Project object */;
}
